
Microsoft Visual Studio Solution File, Format Version 12.00
# Visual Studio 2012
Project("{FAE04EC0-301F-11D3-BF4B-00C04F79EFBC}") = "Selectum", "Selectum\Selectum.csproj", "{7424CA52-FF31-4A06-9BFA-4583AEBCE84A}"
EndProject
Project("{FAE04EC0-301F-11D3-BF4B-00C04F79EFBC}") = "Selectum.Tests", "Selectum.Tests\Selectum.Tests.csproj", "{ABB7970C-72CA-4750-BED0-7BF8416FB752}"
EndProject
Global
	GlobalSection(SolutionConfigurationPlatforms) = preSolution
		Debug|Any CPU = Debug|Any CPU
		Release|Any CPU = Release|Any CPU
	EndGlobalSection
	GlobalSection(ProjectConfigurationPlatforms) = postSolution
		{7424CA52-FF31-4A06-9BFA-4583AEBCE84A}.Debug|Any CPU.ActiveCfg = Debug|Any CPU
		{7424CA52-FF31-4A06-9BFA-4583AEBCE84A}.Debug|Any CPU.Build.0 = Debug|Any CPU
		{7424CA52-FF31-4A06-9BFA-4583AEBCE84A}.Release|Any CPU.ActiveCfg = Release|Any CPU
		{7424CA52-FF31-4A06-9BFA-4583AEBCE84A}.Release|Any CPU.Build.0 = Release|Any CPU
		{ABB7970C-72CA-4750-BED0-7BF8416FB752}.Debug|Any CPU.ActiveCfg = Debug|Any CPU
		{ABB7970C-72CA-4750-BED0-7BF8416FB752}.Debug|Any CPU.Build.0 = Debug|Any CPU
		{ABB7970C-72CA-4750-BED0-7BF8416FB752}.Release|Any CPU.ActiveCfg = Release|Any CPU
		{ABB7970C-72CA-4750-BED0-7BF8416FB752}.Release|Any CPU.Build.0 = Release|Any CPU
	EndGlobalSection
	GlobalSection(SolutionProperties) = preSolution
		HideSolutionNode = FALSE
	EndGlobalSection
EndGlobal
